PODS:
  - Flutter (1.0.0)
  - libnestegg (0.3)
  - libogg (1.3.3)
  - liboggz (1.2.0-1):
    - libogg (>= 1.0)
  - libopus (1.1):
    - libopus/float (= 1.1)
  - libopus/float (1.1)
  - libvorbis (1.3.5):
    - libogg (>= 1.0)
  - libvpx (1.7.0)
  - musicplayer (0.0.1):
    - Flutter
    - OGVKit/Ogg/Vorbis
    - OGVKit/WebM
    - SDWebImage
  - OGVKit/Core (0.5.13)
  - OGVKit/libskeleton (0.5.13):
    - libogg
  - OGVKit/Ogg/Vorbis (0.5.13):
    - OGVKit/OggDemuxer
    - OGVKit/VorbisDecoder
  - OGVKit/OggDemuxer (0.5.13):
    - liboggz (= 1.2.0-1)
    - OGVKit/Core
    - OGVKit/libskeleton (~> 0.4)
  - OGVKit/OpusDecoder (0.5.13):
    - libopus
    - OGVKit/Core
  - OGVKit/VorbisDecoder (0.5.13):
    - libvorbis
    - OGVKit/Core
  - OGVKit/VP8Decoder (0.5.13):
    - libvpx (~> 1.7.0)
    - OGVKit/Core
  - OGVKit/WebM (0.5.13):
    - OGVKit/WebM/Opus (= 0.5.13)
    - OGVKit/WebM/Vorbis (= 0.5.13)
    - OGVKit/WebM/VP8 (= 0.5.13)
  - OGVKit/WebM/Opus (0.5.13):
    - OGVKit/OpusDecoder
    - OGVKit/WebMDemuxer
  - OGVKit/WebM/Vorbis (0.5.13):
    - OGVKit/VorbisDecoder
    - OGVKit/WebMDemuxer
  - OGVKit/WebM/VP8 (0.5.13):
    - OGVKit/VorbisDecoder
    - OGVKit/VP8Decoder
    - OGVKit/WebMDemuxer
  - OGVKit/WebMDemuxer (0.5.13):
    - libnestegg (~> 0.2)
    - OGVKit/Core
  - path_provider (0.0.1):
    - Flutter
  - SDWebImage (4.4.2):
    - SDWebImage/Core (= 4.4.2)
  - SDWebImage/Core (4.4.2)
  - shared_preferences (0.0.1):
    - Flutter

DEPENDENCIES:
  - Flutter (from `.symlinks/flutter/ios-release`)
  - musicplayer (from `.symlinks/plugins/musicplayer/ios`)
  - OGVKit/Ogg/Vorbis (from `https://github.com/Grarak/OGVKit.git`)
  - OGVKit/WebM (from `https://github.com/Grarak/OGVKit.git`)
  - path_provider (from `.symlinks/plugins/path_provider/ios`)
  - shared_preferences (from `.symlinks/plugins/shared_preferences/ios`)

SPEC REPOS:
  https://github.com/brion/OGVKit-Specs.git:
    - libnestegg
    - libogg
    - liboggz
    - libvorbis
    - libvpx
  https://github.com/cocoapods/specs.git:
    - libopus
    - SDWebImage

EXTERNAL SOURCES:
  Flutter:
    :path: ".symlinks/flutter/ios-release"
  musicplayer:
    :path: ".symlinks/plugins/musicplayer/ios"
  OGVKit:
    :git: https://github.com/Grarak/OGVKit.git
    :submodules: true
  path_provider:
    :path: ".symlinks/plugins/path_provider/ios"
  shared_preferences:
    :path: ".symlinks/plugins/shared_preferences/ios"

CHECKOUT OPTIONS:
  OGVKit:
    :commit: 4eeb89555a38b8a1a9e0af0860238bd5ae064bee
    :git: https://github.com/Grarak/OGVKit.git
    :submodules: true

SPEC CHECKSUMS:
  Flutter: 9d0fac939486c9aba2809b7982dfdbb47a7b0296
  libnestegg: 851afa1dc38c810bb18fa6459c39aa124abd7fc0
  libogg: 35e313159a7270931d0f0f208c2d5f60bc05399b
  liboggz: 976a3ffd70b71e8c4faa06a298547038ab03c567
  libopus: ad5f060dcb8f30f139777244d70f9111f1c80863
  libvorbis: b2c6a2c2bb22447d80403981185b213cf688fae7
  libvpx: 5abeaf729fa406fd65ae1c19adcf00329c40e02a
  musicplayer: bb65e7fa58162a2f21a5794adfc2c0544b01fc35
  OGVKit: 46e30d4b1f06e179b1f254c92604bfd6c4b8338c
  path_provider: 09407919825bfe3c2deae39453b7a5b44f467873
  SDWebImage: 624d6e296c69b244bcede364c72ae0430ac14681
  shared_preferences: 5a1d487c427ee18fcd3ea1f2a131569481834b53

PODFILE CHECKSUM: e262a4d21ba74377e0657e3f9012d7187420e19d

COCOAPODS: 1.6.0.beta.1
